
Microsoft Visual Studio Solution File, Format Version 12.00
# Visual Studio 15
VisualStudioVersion = 15.0.27004.2008
MinimumVisualStudioVersion = 10.0.40219.1
Project("{FAE04EC0-301F-11D3-BF4B-00C04F79EFBC}") = "BlockChain", "BlockChain\BlockChain.csproj", "{E06FC4CE-77D0-4A64-94A6-32A08920E481}"
EndProject
Project("{FAE04EC0-301F-11D3-BF4B-00C04F79EFBC}") = "BlockChain.Console", "BlockChain.Console\BlockChain.Console.csproj", "{D0C795A0-6F20-4A8E-BE44-801678754DA4}"
EndProject
Project("{FAE04EC0-301F-11D3-BF4B-00C04F79EFBC}") = "BlockChain.WinForms", "BlockChain.WinForms\BlockChain.WinForms.csproj", "{4C950614-2B23-4000-9F1E-09B3A6B0BD98}"
EndProject
Project("{FAE04EC0-301F-11D3-BF4B-00C04F79EFBC}") = "BlockChain.Miner", "BlockChain.Miner\BlockChain.Miner.csproj", "{33E36EFF-54F7-451F-AE9A-D9583FA840F5}"
EndProject
Global
	GlobalSection(SolutionConfigurationPlatforms) = preSolution
		Debug|Any CPU = Debug|Any CPU
		Release|Any CPU = Release|Any CPU
	EndGlobalSection
	GlobalSection(ProjectConfigurationPlatforms) = postSolution
		{E06FC4CE-77D0-4A64-94A6-32A08920E481}.Debug|Any CPU.ActiveCfg = Debug|Any CPU
		{E06FC4CE-77D0-4A64-94A6-32A08920E481}.Debug|Any CPU.Build.0 = Debug|Any CPU
		{E06FC4CE-77D0-4A64-94A6-32A08920E481}.Release|Any CPU.ActiveCfg = Release|Any CPU
		{E06FC4CE-77D0-4A64-94A6-32A08920E481}.Release|Any CPU.Build.0 = Release|Any CPU
		{D0C795A0-6F20-4A8E-BE44-801678754DA4}.Debug|Any CPU.ActiveCfg = Debug|Any CPU
		{D0C795A0-6F20-4A8E-BE44-801678754DA4}.Debug|Any CPU.Build.0 = Debug|Any CPU
		{D0C795A0-6F20-4A8E-BE44-801678754DA4}.Release|Any CPU.ActiveCfg = Release|Any CPU
		{D0C795A0-6F20-4A8E-BE44-801678754DA4}.Release|Any CPU.Build.0 = Release|Any CPU
		{4C950614-2B23-4000-9F1E-09B3A6B0BD98}.Debug|Any CPU.ActiveCfg = Debug|Any CPU
		{4C950614-2B23-4000-9F1E-09B3A6B0BD98}.Debug|Any CPU.Build.0 = Debug|Any CPU
		{4C950614-2B23-4000-9F1E-09B3A6B0BD98}.Release|Any CPU.ActiveCfg = Release|Any CPU
		{4C950614-2B23-4000-9F1E-09B3A6B0BD98}.Release|Any CPU.Build.0 = Release|Any CPU
		{33E36EFF-54F7-451F-AE9A-D9583FA840F5}.Debug|Any CPU.ActiveCfg = Debug|Any CPU
		{33E36EFF-54F7-451F-AE9A-D9583FA840F5}.Debug|Any CPU.Build.0 = Debug|Any CPU
		{33E36EFF-54F7-451F-AE9A-D9583FA840F5}.Release|Any CPU.ActiveCfg = Release|Any CPU
		{33E36EFF-54F7-451F-AE9A-D9583FA840F5}.Release|Any CPU.Build.0 = Release|Any CPU
	EndGlobalSection
	GlobalSection(SolutionProperties) = preSolution
		HideSolutionNode = FALSE
	EndGlobalSection
	GlobalSection(ExtensibilityGlobals) = postSolution
		SolutionGuid = {7FB3650B-CAFB-4A71-940B-0CA6F0377422}
	EndGlobalSection
EndGlobal
