
Microsoft Visual Studio Solution File, Format Version 12.00
# Visual Studio 15
VisualStudioVersion = 15.0.26124.0
MinimumVisualStudioVersion = 15.0.26124.0
Project("{FAE04EC0-301F-11D3-BF4B-00C04F79EFBC}") = "BlockChain", "BlockChain\Blockchain.csproj", "{A281118C-392F-4ED4-A07A-8A2F50FA2458}"
EndProject
Project("{FAE04EC0-301F-11D3-BF4B-00C04F79EFBC}") = "BlockChain.Tests", "BlockChain.Tests\Blockchain.Tests.csproj", "{457429F6-DBC6-47BE-9375-151B107BDB58}"
EndProject
Global
	GlobalSection(SolutionConfigurationPlatforms) = preSolution
		Debug|Any CPU = Debug|Any CPU
		Debug|x64 = Debug|x64
		Debug|x86 = Debug|x86
		Release|Any CPU = Release|Any CPU
		Release|x64 = Release|x64
		Release|x86 = Release|x86
	EndGlobalSection
	GlobalSection(SolutionProperties) = preSolution
		HideSolutionNode = FALSE
	EndGlobalSection
	GlobalSection(ProjectConfigurationPlatforms) = postSolution
		{A281118C-392F-4ED4-A07A-8A2F50FA2458}.Debug|Any CPU.ActiveCfg = Debug|Any CPU
		{A281118C-392F-4ED4-A07A-8A2F50FA2458}.Debug|Any CPU.Build.0 = Debug|Any CPU
		{A281118C-392F-4ED4-A07A-8A2F50FA2458}.Debug|x64.ActiveCfg = Debug|Any CPU
		{A281118C-392F-4ED4-A07A-8A2F50FA2458}.Debug|x64.Build.0 = Debug|Any CPU
		{A281118C-392F-4ED4-A07A-8A2F50FA2458}.Debug|x86.ActiveCfg = Debug|Any CPU
		{A281118C-392F-4ED4-A07A-8A2F50FA2458}.Debug|x86.Build.0 = Debug|Any CPU
		{A281118C-392F-4ED4-A07A-8A2F50FA2458}.Release|Any CPU.ActiveCfg = Release|Any CPU
		{A281118C-392F-4ED4-A07A-8A2F50FA2458}.Release|Any CPU.Build.0 = Release|Any CPU
		{A281118C-392F-4ED4-A07A-8A2F50FA2458}.Release|x64.ActiveCfg = Release|Any CPU
		{A281118C-392F-4ED4-A07A-8A2F50FA2458}.Release|x64.Build.0 = Release|Any CPU
		{A281118C-392F-4ED4-A07A-8A2F50FA2458}.Release|x86.ActiveCfg = Release|Any CPU
		{A281118C-392F-4ED4-A07A-8A2F50FA2458}.Release|x86.Build.0 = Release|Any CPU
		{457429F6-DBC6-47BE-9375-151B107BDB58}.Debug|Any CPU.ActiveCfg = Debug|Any CPU
		{457429F6-DBC6-47BE-9375-151B107BDB58}.Debug|Any CPU.Build.0 = Debug|Any CPU
		{457429F6-DBC6-47BE-9375-151B107BDB58}.Debug|x64.ActiveCfg = Debug|Any CPU
		{457429F6-DBC6-47BE-9375-151B107BDB58}.Debug|x64.Build.0 = Debug|Any CPU
		{457429F6-DBC6-47BE-9375-151B107BDB58}.Debug|x86.ActiveCfg = Debug|Any CPU
		{457429F6-DBC6-47BE-9375-151B107BDB58}.Debug|x86.Build.0 = Debug|Any CPU
		{457429F6-DBC6-47BE-9375-151B107BDB58}.Release|Any CPU.ActiveCfg = Release|Any CPU
		{457429F6-DBC6-47BE-9375-151B107BDB58}.Release|Any CPU.Build.0 = Release|Any CPU
		{457429F6-DBC6-47BE-9375-151B107BDB58}.Release|x64.ActiveCfg = Release|Any CPU
		{457429F6-DBC6-47BE-9375-151B107BDB58}.Release|x64.Build.0 = Release|Any CPU
		{457429F6-DBC6-47BE-9375-151B107BDB58}.Release|x86.ActiveCfg = Release|Any CPU
		{457429F6-DBC6-47BE-9375-151B107BDB58}.Release|x86.Build.0 = Release|Any CPU
	EndGlobalSection
EndGlobal
